
Microsoft Visual Studio Solution File, Format Version 12.00
# Visual Studio Version 17
VisualStudioVersion = 17.5.33627.172
MinimumVisualStudioVersion = 10.0.40219.1
Project("{9A19103F-16F7-4668-BE54-9A1E7A4F7556}") = "TAXI", "TAXI.csproj", "{A86E3827-1250-47A1-BA92-BF661B688FA2}"
EndProject
Project("{9A19103F-16F7-4668-BE54-9A1E7A4F7556}") = "TAXITest2", "..\TAXITest2\TAXITest2.csproj", "{549028CB-86A5-4A61-9D16-7615E80BA185}"
EndProject
Project("{FAE04EC0-301F-11D3-BF4B-00C04F79EFBC}") = "losescreen1", "..\losescreen1\losescreen1.csproj", "{D18DCE9A-EF91-486F-A216-F4155B22207B}"
EndProject
Global
	GlobalSection(SolutionConfigurationPlatforms) = preSolution
		Debug|Any CPU = Debug|Any CPU
		Release|Any CPU = Release|Any CPU
	EndGlobalSection
	GlobalSection(ProjectConfigurationPlatforms) = postSolution
		{A86E3827-1250-47A1-BA92-BF661B688FA2}.Debug|Any CPU.ActiveCfg = Debug|Any CPU
		{A86E3827-1250-47A1-BA92-BF661B688FA2}.Debug|Any CPU.Build.0 = Debug|Any CPU
		{A86E3827-1250-47A1-BA92-BF661B688FA2}.Release|Any CPU.ActiveCfg = Release|Any CPU
		{A86E3827-1250-47A1-BA92-BF661B688FA2}.Release|Any CPU.Build.0 = Release|Any CPU
		{549028CB-86A5-4A61-9D16-7615E80BA185}.Debug|Any CPU.ActiveCfg = Debug|Any CPU
		{549028CB-86A5-4A61-9D16-7615E80BA185}.Debug|Any CPU.Build.0 = Debug|Any CPU
		{549028CB-86A5-4A61-9D16-7615E80BA185}.Release|Any CPU.ActiveCfg = Release|Any CPU
		{549028CB-86A5-4A61-9D16-7615E80BA185}.Release|Any CPU.Build.0 = Release|Any CPU
		{D18DCE9A-EF91-486F-A216-F4155B22207B}.Debug|Any CPU.ActiveCfg = Debug|Any CPU
		{D18DCE9A-EF91-486F-A216-F4155B22207B}.Debug|Any CPU.Build.0 = Debug|Any CPU
		{D18DCE9A-EF91-486F-A216-F4155B22207B}.Release|Any CPU.ActiveCfg = Release|Any CPU
		{D18DCE9A-EF91-486F-A216-F4155B22207B}.Release|Any CPU.Build.0 = Release|Any CPU
	EndGlobalSection
	GlobalSection(SolutionProperties) = preSolution
		HideSolutionNode = FALSE
	EndGlobalSection
	GlobalSection(ExtensibilityGlobals) = postSolution
		SolutionGuid = {CC3B3D6A-9BD4-4914-96C7-97E0BC19D697}
	EndGlobalSection
EndGlobal
